
Microsoft Visual Studio Solution File, Format Version 12.00
# Visual Studio Version 17
VisualStudioVersion = 17.0.32112.339
MinimumVisualStudioVersion = 10.0.40219.1
Project("{FAE04EC0-301F-11D3-BF4B-00C04F79EFBC}") = "FactoryMethodWebApi", "FactoryMethodWebApi\FactoryMethodWebApi.csproj", "{D9D72D69-DC83-4663-9F3B-6CC2BD204ECE}"
EndProject
Global
	GlobalSection(SolutionConfigurationPlatforms) = preSolution
		Debug|Any CPU = Debug|Any CPU
		Release|Any CPU = Release|Any CPU
	EndGlobalSection
	GlobalSection(ProjectConfigurationPlatforms) = postSolution
		{D9D72D69-DC83-4663-9F3B-6CC2BD204ECE}.Debug|Any CPU.ActiveCfg = Debug|Any CPU
		{D9D72D69-DC83-4663-9F3B-6CC2BD204ECE}.Debug|Any CPU.Build.0 = Debug|Any CPU
		{D9D72D69-DC83-4663-9F3B-6CC2BD204ECE}.Release|Any CPU.ActiveCfg = Release|Any CPU
		{D9D72D69-DC83-4663-9F3B-6CC2BD204ECE}.Release|Any CPU.Build.0 = Release|Any CPU
	EndGlobalSection
	GlobalSection(SolutionProperties) = preSolution
		HideSolutionNode = FALSE
	EndGlobalSection
	GlobalSection(ExtensibilityGlobals) = postSolution
		SolutionGuid = {8FA98ADA-C9C3-4FA1-9CAB-206A7613E868}
	EndGlobalSection
EndGlobal
